{
  "name": "ubeeq",
  "version": "0.1.0",
  "lockfileVersion": 3,
  "requires": true,
  "packages": {
    "": {
      "name": "ubeeq",
      "version": "0.1.0",
      "workspaces": [
        "packages/*",
        "apps/*"
      ],
      "devDependencies": {
        "typescript": "^5.7.3"
      }
    },
    "apps/web-reference": {
      "name": "@ubeeq/web-reference",
      "version": "0.1.0",
      "dependencies": {
        "@ubeeq/extension-sdk": "file:../../packages/extension-sdk"
      }
    },
    "node_modules/@ubeeq/api": {
      "resolved": "packages/api",
      "link": true
    },
    "node_modules/@ubeeq/core": {
      "resolved": "packages/core",
      "link": true
    },
    "node_modules/@ubeeq/extension-sdk": {
      "resolved": "packages/extension-sdk",
      "link": true
    },
    "node_modules/@ubeeq/integrations": {
      "resolved": "packages/integrations",
      "link": true
    },
    "node_modules/@ubeeq/moderation": {
      "resolved": "packages/moderation",
      "link": true
    },
    "node_modules/@ubeeq/processing": {
      "resolved": "packages/processing",
      "link": true
    },
    "node_modules/@ubeeq/storage": {
      "resolved": "packages/storage",
      "link": true
    },
    "node_modules/@ubeeq/web-reference": {
      "resolved": "apps/web-reference",
      "link": true
    },
    "node_modules/typescript": {
      "version": "5.9.3",
      "resolved": "https://registry.npmjs.org/typescript/-/typescript-5.9.3.tgz",
      "integrity": "sha512-jl1vZzPDinLr9eUt3J/t7V6FgNEw9QjvBPdysz9KfQDD41fQrC2Y4vKQdiaUpFT4bXlb1RHhLpp8wtm6M5TgSw==",
      "dev": true,
      "license": "Apache-2.0",
      "bin": {
        "tsc": "bin/tsc",
        "tsserver": "bin/tsserver"
      },
      "engines": {
        "node": ">=14.17"
      }
    },
    "packages/api": {
      "name": "@ubeeq/api",
      "version": "0.1.0",
      "dependencies": {
        "@ubeeq/extension-sdk": "^0.1.0"
      }
    },
    "packages/core": {
      "name": "@ubeeq/core",
      "version": "0.1.0"
    },
    "packages/extension-sdk": {
      "name": "@ubeeq/extension-sdk",
      "version": "0.1.0"
    },
    "packages/integrations": {
      "name": "@ubeeq/integrations",
      "version": "0.1.0"
    },
    "packages/moderation": {
      "name": "@ubeeq/moderation",
      "version": "0.1.0"
    },
    "packages/processing": {
      "name": "@ubeeq/processing",
      "version": "0.1.0"
    },
    "packages/storage": {
      "name": "@ubeeq/storage",
      "version": "0.1.0"
    }
  }
}
